
Microsoft Visual Studio Solution File, Format Version 12.00
# Visual Studio Version 17
VisualStudioVersion = 17.2.32422.2
MinimumVisualStudioVersion = 10.0.40219.1
Project("{9A19103F-16F7-4668-BE54-9A1E7A4F7556}") = "SecuredFunction", "SecuredFunction\SecuredFunction.csproj", "{A829FA72-9AF4-4AF4-9D38-2197ECE8F80E}"
EndProject
Project("{9A19103F-16F7-4668-BE54-9A1E7A4F7556}") = "BlazorWebApp", "BlazorWebApp\BlazorWebApp.csproj", "{D72358E9-68AA-4D89-A2AA-E3BF0531722E}"
EndProject
Global
	GlobalSection(SolutionConfigurationPlatforms) = preSolution
		Debug|Any CPU = Debug|Any CPU
		Release|Any CPU = Release|Any CPU
	EndGlobalSection
	GlobalSection(ProjectConfigurationPlatforms) = postSolution
		{A829FA72-9AF4-4AF4-9D38-2197ECE8F80E}.Debug|Any CPU.ActiveCfg = Debug|Any CPU
		{A829FA72-9AF4-4AF4-9D38-2197ECE8F80E}.Debug|Any CPU.Build.0 = Debug|Any CPU
		{A829FA72-9AF4-4AF4-9D38-2197ECE8F80E}.Release|Any CPU.ActiveCfg = Release|Any CPU
		{A829FA72-9AF4-4AF4-9D38-2197ECE8F80E}.Release|Any CPU.Build.0 = Release|Any CPU
		{D72358E9-68AA-4D89-A2AA-E3BF0531722E}.Debug|Any CPU.ActiveCfg = Debug|Any CPU
		{D72358E9-68AA-4D89-A2AA-E3BF0531722E}.Debug|Any CPU.Build.0 = Debug|Any CPU
		{D72358E9-68AA-4D89-A2AA-E3BF0531722E}.Release|Any CPU.ActiveCfg = Release|Any CPU
		{D72358E9-68AA-4D89-A2AA-E3BF0531722E}.Release|Any CPU.Build.0 = Release|Any CPU
	EndGlobalSection
	GlobalSection(SolutionProperties) = preSolution
		HideSolutionNode = FALSE
	EndGlobalSection
	GlobalSection(ExtensibilityGlobals) = postSolution
		SolutionGuid = {D75EC7CA-B712-4F01-B3F9-94901C2C33C3}
	EndGlobalSection
EndGlobal
